
Microsoft Visual Studio Solution File, Format Version 12.00
# Visual Studio Version 17
VisualStudioVersion = 17.0.32014.148
MinimumVisualStudioVersion = 10.0.40219.1
Project("{FAE04EC0-301F-11D3-BF4B-00C04F79EFBC}") = "TicTacGame", "TicTacGame.csproj", "{7ED3C3A6-1565-4ED1-8F6E-2DCF6AD6C3CB}"
EndProject
Global
	GlobalSection(SolutionConfigurationPlatforms) = preSolution
		Debug|Any CPU = Debug|Any CPU
		Release|Any CPU = Release|Any CPU
	EndGlobalSection
	GlobalSection(ProjectConfigurationPlatforms) = postSolution
		{7ED3C3A6-1565-4ED1-8F6E-2DCF6AD6C3CB}.Debug|Any CPU.ActiveCfg = Debug|Any CPU
		{7ED3C3A6-1565-4ED1-8F6E-2DCF6AD6C3CB}.Debug|Any CPU.Build.0 = Debug|Any CPU
		{7ED3C3A6-1565-4ED1-8F6E-2DCF6AD6C3CB}.Release|Any CPU.ActiveCfg = Release|Any CPU
		{7ED3C3A6-1565-4ED1-8F6E-2DCF6AD6C3CB}.Release|Any CPU.Build.0 = Release|Any CPU
	EndGlobalSection
	GlobalSection(SolutionProperties) = preSolution
		HideSolutionNode = FALSE
	EndGlobalSection
	GlobalSection(ExtensibilityGlobals) = postSolution
		SolutionGuid = {B8D34CD2-61CF-428D-8E59-B21EE87A5AFC}
	EndGlobalSection
EndGlobal
